# This file is automatically @generated by Cargo.
# It is not intended for manual editing.
version = 4

[[package]]
name = "libc"
version = "0.2.175"
source = "registry+https://github.com/rust-lang/crates.io-index"
checksum = "6a82ae493e598baaea5209805c49bbf2ea7de956d50d7da0da1164f9c6d28543"

[[package]]
name = "mame"
version = "0.2.1"
dependencies = [
 "nojson",
 "tuinix",
 "unicode-width",
]

[[package]]
name = "nojson"
version = "0.3.5"
source = "registry+https://github.com/rust-lang/crates.io-index"
checksum = "a847c0a03d7915f0e8c1e4ecf3ab97f8523fd703eadb79582bfb464bb224bab2"

[[package]]
name = "tuinix"
version = "0.3.2"
source = "registry+https://github.com/rust-lang/crates.io-index"
checksum = "67068facab6ee2aff2c66c3249d064c996435cf8f1a8e61db8675571ca4c01ff"
dependencies = [
 "libc",
]

[[package]]
name = "unicode-width"
version = "0.2.1"
source = "registry+https://github.com/rust-lang/crates.io-index"
checksum = "4a1a07cc7db3810833284e8d372ccdc6da29741639ecc70c9ec107df0fa6154c"
